Microsoft Visual Studio Solution File, Format Version 12.00
# Visual Studio Version 17
VisualStudioVersion = 17.5.2.0
MinimumVisualStudioVersion = 10.0.40219.1
Project("{FAE04EC0-301F-11D3-BF4B-00C04F79EFBC}") = "SportsStoreWebApp", "SportsStoreWebApp.csproj", "{7BCEAA0A-1E11-48F0-485E-F7B9CE8BC301}"
EndProject
Global
	GlobalSection(SolutionConfigurationPlatforms) = preSolution
		Debug|Any CPU = Debug|Any CPU
		Release|Any CPU = Release|Any CPU
	EndGlobalSection
	GlobalSection(ProjectConfigurationPlatforms) = postSolution
		{7BCEAA0A-1E11-48F0-485E-F7B9CE8BC301}.Debug|Any CPU.ActiveCfg = Debug|Any CPU
		{7BCEAA0A-1E11-48F0-485E-F7B9CE8BC301}.Debug|Any CPU.Build.0 = Debug|Any CPU
		{7BCEAA0A-1E11-48F0-485E-F7B9CE8BC301}.Release|Any CPU.ActiveCfg = Release|Any CPU
		{7BCEAA0A-1E11-48F0-485E-F7B9CE8BC301}.Release|Any CPU.Build.0 = Release|Any CPU
	EndGlobalSection
	GlobalSection(SolutionProperties) = preSolution
		HideSolutionNode = FALSE
	EndGlobalSection
	GlobalSection(ExtensibilityGlobals) = postSolution
		SolutionGuid = {C4DC319E-1ED2-4F7E-B1CF-E0BF65CA6DC1}
	EndGlobalSection
EndGlobal
